
Microsoft Visual Studio Solution File, Format Version 12.00
# Visual Studio Version 16
VisualStudioVersion = 16.0.30225.117
MinimumVisualStudioVersion = 10.0.40219.1
Project("{FAE04EC0-301F-11D3-BF4B-00C04F79EFBC}") = "ApiCuentaBanco", "ApiCuentaBanco.csproj", "{8C5AAF76-CEBE-4006-97FC-B53B48FEAAEB}"
EndProject
Global
	GlobalSection(SolutionConfigurationPlatforms) = preSolution
		Debug|Any CPU = Debug|Any CPU
		Release|Any CPU = Release|Any CPU
	EndGlobalSection
	GlobalSection(ProjectConfigurationPlatforms) = postSolution
		{8C5AAF76-CEBE-4006-97FC-B53B48FEAAEB}.Debug|Any CPU.ActiveCfg = Debug|Any CPU
		{8C5AAF76-CEBE-4006-97FC-B53B48FEAAEB}.Debug|Any CPU.Build.0 = Debug|Any CPU
		{8C5AAF76-CEBE-4006-97FC-B53B48FEAAEB}.Release|Any CPU.ActiveCfg = Release|Any CPU
		{8C5AAF76-CEBE-4006-97FC-B53B48FEAAEB}.Release|Any CPU.Build.0 = Release|Any CPU
	EndGlobalSection
	GlobalSection(SolutionProperties) = preSolution
		HideSolutionNode = FALSE
	EndGlobalSection
	GlobalSection(ExtensibilityGlobals) = postSolution
		SolutionGuid = {1D0E7256-2D53-4A81-846F-B0743A1BCF5B}
	EndGlobalSection
EndGlobal
